# THIS IS AN AUTOGENERATED FILE. DO NOT EDIT THIS FILE DIRECTLY.
# yarn lockfile v1


"@babel/helper-plugin-utils@^7.0.0":
  version "7.0.0"
  resolved "https://registry.yarnpkg.com/@babel/helper-plugin-utils/-/helper-plugin-utils-7.0.0.tgz#bbb3fbee98661c569034237cc03967ba99b4f250"
  integrity sha512-CYAOUCARwExnEixLdB6sDm2dIJ/YgEAKDM1MOeMeZu9Ld/bDgVo8aiWrXwcY7OBh+1Ea2uUcVRcxKk0GJvW7QA==

"@babel/plugin-syntax-dynamic-import@^7.7.4":
  version "7.7.4"
  resolved "https://registry.yarnpkg.com/@babel/plugin-syntax-dynamic-import/-/plugin-syntax-dynamic-import-7.7.4.tgz#29ca3b4415abfe4a5ec381e903862ad1a54c3aec"
  integrity sha512-jHQW0vbRGvwQNgyVxwDh4yuXu4bH1f5/EICJLAhl1SblLs2CDhrsmCk+v5XLdE9wxtAFRyxx+P//Iw+a5L/tTg==
  dependencies:
    "@babel/helper-plugin-utils" "^7.0.0"

"@babel/runtime@^7.7.4":
  version "7.7.7"
  resolved "https://registry.yarnpkg.com/@babel/runtime/-/runtime-7.7.7.tgz#194769ca8d6d7790ec23605af9ee3e42a0aa79cf"
  integrity sha512-uCnC2JEVAu8AKB5do1WRIsvrdJ0flYx/A/9f/6chdacnEZ7LmavjdsDXr5ksYBegxtuTPR5Va9/+13QF/kFkCA==
  dependencies:
    regenerator-runtime "^0.13.2"

"@loadable/babel-plugin@^5.11.0":
  version "5.11.0"
  resolved "https://registry.yarnpkg.com/@loadable/babel-plugin/-/babel-plugin-5.11.0.tgz#3946865183202b64ff5d688549ec612957c54a01"
  integrity sha512-d+U24IWBpxOh2DVr+pYkVLbxZXX6QaPekT390PVW2rOvxkZ68QUm5TSrOrTFifygSfFNfpJ/QclTQjyXBLqrLw==
  dependencies:
    "@babel/plugin-syntax-dynamic-import" "^7.7.4"

"@loadable/component@^5.11.0":
  version "5.11.0"
  resolved "https://registry.yarnpkg.com/@loadable/component/-/component-5.11.0.tgz#e495834279663d20aabf0e4ca25e5c44bef308eb"
  integrity sha512-RzXAH419hnC6vF/ZAEv+k1JgbE/4G7veZo3RvwQDRfp2BFrwbJp9qasjccuk6RrQR/nWWgufaW/CGlL6NSBNGw==
  dependencies:
    "@babel/runtime" "^7.7.4"
    hoist-non-react-statics "^3.3.1"

"@loadable/server@^5.11.0":
  version "5.11.0"
  resolved "https://registry.yarnpkg.com/@loadable/server/-/server-5.11.0.tgz#fa4dc835239ed3796f6437b60c0b7322a249dffc"
  integrity sha512-uHHS0ORAqVHRXTVcnihWlW8hXM7CjJrqBJ5FN2rVp4EC0xmmjsG8oVJogSkpGOFa1uvDypAM9upuc4wPqAK7nw==
  dependencies:
    lodash "^4.17.15"

"@loadable/webpack-plugin@^5.7.1":
  version "5.7.1"
  resolved "https://registry.yarnpkg.com/@loadable/webpack-plugin/-/webpack-plugin-5.7.1.tgz#9fe4b19c347eaa72f8ff366ae9a9d2b724f86124"
  integrity sha512-tURNYwPUahbM4Miz/mwMD+PZGnMpknRukwt4RViVX6tYOt06a5U92xJTv7t54C4tHdtCIEOmDrqCo97sfIu4mg==
  dependencies:
    mkdirp "^0.5.1"

"@types/loadable__component@^5.10.0":
  version "5.10.0"
  resolved "https://registry.yarnpkg.com/@types/loadable__component/-/loadable__component-5.10.0.tgz#178fdc401983f4f93647fac778226da7b8c1e080"
  integrity sha512-AaDP1VxV3p7CdPOtOTl3ALgQ6ES4AxJKO9UGj9vJonq/w2yERxwdzFiWNQFh9fEDXEzjxujBlM2RmSJtHV1/pA==
  dependencies:
    "@types/react" "*"

"@types/loadable__server@^5.9.1":
  version "5.9.1"
  resolved "https://registry.yarnpkg.com/@types/loadable__server/-/loadable__server-5.9.1.tgz#f642704664ae1ff107817d6a8a6fd4ea91e3e3ac"
  integrity sha512-wxHA1EkDo/vm4EHzXIOLh9nbGeYGHWoESIvCwPBjrD2YGBn2eEdYrBwqgIP905OAhTjUTImZ7DZKI5xpq0Q+vQ==
  dependencies:
    "@types/react" "*"

"@types/prop-types@*":
  version "15.7.3"
  resolved "https://registry.yarnpkg.com/@types/prop-types/-/prop-types-15.7.3.tgz#2ab0d5da2e5815f94b0b9d4b95d1e5f243ab2ca7"
  integrity sha512-KfRL3PuHmqQLOG+2tGpRO26Ctg+Cq1E01D2DMriKEATHgWLfeNDmq9e29Q9WIky0dQ3NPkd1mzYH8Lm936Z9qw==

"@types/react@*":
  version "16.9.17"
  resolved "https://registry.yarnpkg.com/@types/react/-/react-16.9.17.tgz#58f0cc0e9ec2425d1441dd7b623421a867aa253e"
  integrity sha512-UP27In4fp4sWF5JgyV6pwVPAQM83Fj76JOcg02X5BZcpSu5Wx+fP9RMqc2v0ssBoQIFvD5JdKY41gjJJKmw6Bg==
  dependencies:
    "@types/prop-types" "*"
    csstype "^2.2.0"

csstype@^2.2.0:
  version "2.6.8"
  resolved "https://registry.yarnpkg.com/csstype/-/csstype-2.6.8.tgz#0fb6fc2417ffd2816a418c9336da74d7f07db431"
  integrity sha512-msVS9qTuMT5zwAGCVm4mxfrZ18BNc6Csd0oJAtiFMZ1FAx1CCvy2+5MDmYoix63LM/6NDbNtodCiGYGmFgO0dA==

hoist-non-react-statics@^3.3.1:
  version "3.3.1"
  resolved "https://registry.yarnpkg.com/hoist-non-react-statics/-/hoist-non-react-statics-3.3.1.tgz#101685d3aff3b23ea213163f6e8e12f4f111e19f"
  integrity sha512-wbg3bpgA/ZqWrZuMOeJi8+SKMhr7X9TesL/rXMjTzh0p0JUBo3II8DHboYbuIXWRlttrUFxwcu/5kygrCw8fJw==
  dependencies:
    react-is "^16.7.0"

lodash@^4.17.15:
  version "4.17.15"
  resolved "https://registry.yarnpkg.com/lodash/-/lodash-4.17.15.tgz#b447f6670a0455bbfeedd11392eff330ea097548"
  integrity sha512-8xOcRHvCjnocdS5cpwXQXVzmmh5e5+saE2QGoeQmbKmRS6J3VQppPOIt0MnmE+4xlZoumy0GPG0D0MVIQbNA1A==

minimist@0.0.8:
  version "0.0.8"
  resolved "https://registry.yarnpkg.com/minimist/-/minimist-0.0.8.tgz#857fcabfc3397d2625b8228262e86aa7a011b05d"
  integrity sha1-hX/Kv8M5fSYluCKCYuhqp6ARsF0=

mkdirp@^0.5.1:
  version "0.5.1"
  resolved "https://registry.yarnpkg.com/mkdirp/-/mkdirp-0.5.1.tgz#30057438eac6cf7f8c4767f38648d6697d75c903"
  integrity sha1-MAV0OOrGz3+MR2fzhkjWaX11yQM=
  dependencies:
    minimist "0.0.8"

react-is@^16.7.0:
  version "16.12.0"
  resolved "https://registry.yarnpkg.com/react-is/-/react-is-16.12.0.tgz#2cc0fe0fba742d97fd527c42a13bec4eeb06241c"
  integrity sha512-rPCkf/mWBtKc97aLL9/txD8DZdemK0vkA3JMLShjlJB3Pj3s+lpf1KaBzMfQrAmhMQB0n1cU/SUGgKKBCe837Q==

regenerator-runtime@^0.13.2:
  version "0.13.3"
  resolved "https://registry.yarnpkg.com/regenerator-runtime/-/regenerator-runtime-0.13.3.tgz#7cf6a77d8f5c6f60eb73c5fc1955b2ceb01e6bf5"
  integrity sha512-naKIZz2GQ8JWh///G7L3X6LaQUAMp2lvb1rvwwsURe/VXwD6VMfr+/1NuNw3ag8v2kY1aQ/go5SNn79O9JU7yw==
