# THIS IS AN AUTOGENERATED FILE. DO NOT EDIT THIS FILE DIRECTLY.
# yarn lockfile v1


"@types/prop-types@*":
  version "15.5.5"
  resolved "https://nexus.swmdigital.io/repository/js-combined/@types/prop-types/-/prop-types-15.5.5.tgz#17038dd322c2325f5da650a94d5f9974943625e3"
  integrity sha512-mOrlCEdwX3seT3n0AXNt4KNPAZZxcsABUHwBgFXOt+nvFUXkxCAO6UBJHPrDxWEa2KDMil86355fjo8jbZ+K0Q==
  dependencies:
    "@types/react" "*"

"@types/react-redux@^6.0.6":
  version "6.0.6"
  resolved "https://nexus.swmdigital.io/repository/js-combined/@types/react-redux/-/react-redux-6.0.6.tgz#87f1d0a6ea901b93fcaf95fa57641ff64079d277"
  integrity sha512-sD/QEn45h+CH0OAhCn6/9COlihZ94bzpP58QzYYCL3tOFta/WBhuvMoyLP8khJLfwQBx1PT70HP/1GnDws9YXQ==
  dependencies:
    "@types/react" "*"
    redux "^4.0.0"

"@types/react@*":
  version "16.4.12"
  resolved "https://nexus.swmdigital.io/repository/js-combined/@types/react/-/react-16.4.12.tgz#c554005770b06c7cbcd6b0b19721e180deab7a02"
  integrity sha512-7XihF0BFk1wQfLNf+HAsfk6CEGMdqy592+qv0MAY38uDdSC/yYOa2k1g85oYFQkhCrWVL48c2oT1+QGfF0ABTg==
  dependencies:
    "@types/prop-types" "*"
    csstype "^2.2.0"

"@types/redux-thunk@^2.1.0":
  version "2.1.0"
  resolved "https://nexus.swmdigital.io/repository/js-combined/@types/redux-thunk/-/redux-thunk-2.1.0.tgz#bc2b6e972961831afb82a9bf4f06726e351f9416"
  integrity sha1-vCtulylhgxr7gqm/TwZybjUflBY=
  dependencies:
    redux-thunk "*"

"@types/redux@^3.6.0":
  version "3.6.0"
  resolved "https://nexus.swmdigital.io/repository/js-combined/@types/redux/-/redux-3.6.0.tgz#f1ebe1e5411518072e4fdfca5c76e16e74c1399a"
  integrity sha1-8evh5UEVGAcuT9/KXHbhbnTBOZo=
  dependencies:
    redux "*"

csstype@^2.2.0:
  version "2.5.6"
  resolved "https://nexus.swmdigital.io/repository/js-combined/csstype/-/csstype-2.5.6.tgz#2ae1db2319642d8b80a668d2d025c6196071e788"
  integrity sha512-tKPyhy0FmfYD2KQYXD5GzkvAYLYj96cMLXr648CKGd3wBe0QqoPipImjGiLze9c8leJK8J3n7ap90tpk3E6HGQ==

hoist-non-react-statics@^2.5.0:
  version "2.5.5"
  resolved "https://nexus.swmdigital.io/repository/js-combined/hoist-non-react-statics/-/hoist-non-react-statics-2.5.5.tgz#c5903cf409c0dfd908f388e619d86b9c1174cb47"
  integrity sha512-rqcy4pJo55FTTLWt+bU8ukscqHeE/e9KWvsOW2b/a3afxQZhwkQdT1rPPCJ0rYXdj4vNcasY8zHTH+jF/qStxw==

invariant@^2.0.0:
  version "2.2.4"
  resolved "https://nexus.swmdigital.io/repository/js-combined/invariant/-/invariant-2.2.4.tgz#610f3c92c9359ce1db616e538008d23ff35158e6"
  integrity sha512-phJfQVBuaJM5raOpJjSfkiD6BpbCE4Ns//LaXl6wGYtUBY83nWS6Rf9tXm2e8VaK60JEjYldbPif/A2B1C2gNA==
  dependencies:
    loose-envify "^1.0.0"

"js-tokens@^3.0.0 || ^4.0.0":
  version "4.0.0"
  resolved "https://nexus.swmdigital.io/repository/js-combined/js-tokens/-/js-tokens-4.0.0.tgz#19203fb59991df98e3a287050d4647cdeaf32499"
  integrity sha512-RdJUflcE3cUzKiMqQgsCu06FPu9UdIJO0beYbPhHN4k6apgJtifcoCtT9bcxOpYBtpD2kCM6Sbzg4CausW/PKQ==

lodash-es@^4.17.5:
  version "4.17.10"
  resolved "https://nexus.swmdigital.io/repository/js-combined/lodash-es/-/lodash-es-4.17.10.tgz#62cd7104cdf5dd87f235a837f0ede0e8e5117e05"
  integrity sha512-iesFYPmxYYGTcmQK0sL8bX3TGHyM6b2qREaB4kamHfQyfPJP0xgoGxp19nsH16nsfquLdiyKyX3mQkfiSGV8Rg==

lodash@^4.17.5:
  version "4.17.10"
  resolved "https://nexus.swmdigital.io/repository/js-combined/lodash/-/lodash-4.17.10.tgz#1b7793cf7259ea38fb3661d4d38b3260af8ae4e7"
  integrity sha512-UejweD1pDoXu+AD825lWwp4ZGtSwgnpZxb3JDViD7StjQz+Nb/6l093lx4OQ0foGWNRoc19mWy7BzL+UAK2iVg==

loose-envify@^1.0.0, loose-envify@^1.1.0, loose-envify@^1.3.1:
  version "1.4.0"
  resolved "https://nexus.swmdigital.io/repository/js-combined/loose-envify/-/loose-envify-1.4.0.tgz#71ee51fa7be4caec1a63839f7e682d8132d30caf"
  integrity sha512-lyuxPGr/Wfhrlem2CL/UcnUc1zcqKAImBDzukY7Y5F/yQiNdko6+fRLevlw1HgMySw7f611UIY408EtxRSoK3Q==
  dependencies:
    js-tokens "^3.0.0 || ^4.0.0"

object-assign@^4.1.1:
  version "4.1.1"
  resolved "https://nexus.swmdigital.io/repository/js-combined/object-assign/-/object-assign-4.1.1.tgz#2109adc7965887cfc05cbbd442cac8bfbb360863"
  integrity sha1-IQmtx5ZYh8/AXLvUQsrIv7s2CGM=

prop-types@^15.6.0:
  version "15.6.2"
  resolved "https://nexus.swmdigital.io/repository/js-combined/prop-types/-/prop-types-15.6.2.tgz#05d5ca77b4453e985d60fc7ff8c859094a497102"
  integrity sha512-3pboPvLiWD7dkI3qf3KbUe6hKFKa52w+AE0VCqECtf+QHAKgOL37tTaNCnuX1nAAQ4ZhyP+kYVKf8rLmJ/feDQ==
  dependencies:
    loose-envify "^1.3.1"
    object-assign "^4.1.1"

react-redux@^5.0.7:
  version "5.0.7"
  resolved "https://nexus.swmdigital.io/repository/js-combined/react-redux/-/react-redux-5.0.7.tgz#0dc1076d9afb4670f993ffaef44b8f8c1155a4c8"
  integrity sha512-5VI8EV5hdgNgyjfmWzBbdrqUkrVRKlyTKk1sGH3jzM2M2Mhj/seQgPXaz6gVAj2lz/nz688AdTqMO18Lr24Zhg==
  dependencies:
    hoist-non-react-statics "^2.5.0"
    invariant "^2.0.0"
    lodash "^4.17.5"
    lodash-es "^4.17.5"
    loose-envify "^1.1.0"
    prop-types "^15.6.0"

redux-thunk@*, redux-thunk@^2.3.0:
  version "2.3.0"
  resolved "https://nexus.swmdigital.io/repository/js-combined/redux-thunk/-/redux-thunk-2.3.0.tgz#51c2c19a185ed5187aaa9a2d08b666d0d6467622"
  integrity sha512-km6dclyFnmcvxhAcrQV2AkZmPQjzPDjgVlQtR0EQjxZPyJ0BnMf3in1ryuR8A2qU0HldVRfxYXbFSKlI3N7Slw==

redux@*, redux@^4.0.0:
  version "4.0.0"
  resolved "https://nexus.swmdigital.io/repository/js-combined/redux/-/redux-4.0.0.tgz#aa698a92b729315d22b34a0553d7e6533555cc03"
  integrity sha512-NnnHF0h0WVE/hXyrB6OlX67LYRuaf/rJcbWvnHHEPCF/Xa/AZpwhs/20WyqzQae5x4SD2F9nPObgBh2rxAgLiA==
  dependencies:
    loose-envify "^1.1.0"
    symbol-observable "^1.2.0"

symbol-observable@^1.2.0:
  version "1.2.0"
  resolved "https://nexus.swmdigital.io/repository/js-combined/symbol-observable/-/symbol-observable-1.2.0.tgz#c22688aed4eab3cdc2dfeacbb561660560a00804"
  integrity sha512-e900nM8RRtGhlV36KGEU9k65K3mPb1WV70OdjfxlG2EAuM1noi/E/BaW/uMhL7bPEssK8QV57vN3esixjUvcXQ==
